
Microsoft Visual Studio Solution File, Format Version 12.00
# Visual Studio Version 16
VisualStudioVersion = 16.0.30907.101
MinimumVisualStudioVersion = 10.0.40219.1
Project("{9A19103F-16F7-4668-BE54-9A1E7A4F7556}") = "PracticeSession", "PracticeSession\PracticeSession.csproj", "{4171B656-ED42-4FFA-A5DE-E6E9CA8CA70A}"
EndProject
Project("{9A19103F-16F7-4668-BE54-9A1E7A4F7556}") = "NAudioOggVorbis", "NAudioOggVorbis\NAudioOggVorbis.csproj", "{FDE35CB1-DD3F-41B1-875D-6F3278BE6EF5}"
EndProject
Project("{9A19103F-16F7-4668-BE54-9A1E7A4F7556}") = "PracticeSession.Core", "PracticeSession.Core\PracticeSession.Core.csproj", "{1FFC8166-F3F4-46B8-BF0C-012000EFBCF0}"
EndProject
Project("{9A19103F-16F7-4668-BE54-9A1E7A4F7556}") = "SoundTouchSharp", "SoundSharpWrapper\SoundTouchSharp.csproj", "{F54EE85D-16DB-46B5-918C-D43A02998F08}"
EndProject
Global
	GlobalSection(SolutionConfigurationPlatforms) = preSolution
		Debug|Any CPU = Debug|Any CPU
		Debug|x86 = Debug|x86
		Release|Any CPU = Release|Any CPU
		Release|x86 = Release|x86
	EndGlobalSection
	GlobalSection(ProjectConfigurationPlatforms) = postSolution
		{4171B656-ED42-4FFA-A5DE-E6E9CA8CA70A}.Debug|Any CPU.ActiveCfg = Debug|Any CPU
		{4171B656-ED42-4FFA-A5DE-E6E9CA8CA70A}.Debug|Any CPU.Build.0 = Debug|Any CPU
		{4171B656-ED42-4FFA-A5DE-E6E9CA8CA70A}.Debug|x86.ActiveCfg = Debug|x86
		{4171B656-ED42-4FFA-A5DE-E6E9CA8CA70A}.Debug|x86.Build.0 = Debug|x86
		{4171B656-ED42-4FFA-A5DE-E6E9CA8CA70A}.Release|Any CPU.ActiveCfg = Release|Any CPU
		{4171B656-ED42-4FFA-A5DE-E6E9CA8CA70A}.Release|Any CPU.Build.0 = Release|Any CPU
		{4171B656-ED42-4FFA-A5DE-E6E9CA8CA70A}.Release|x86.ActiveCfg = Release|x86
		{4171B656-ED42-4FFA-A5DE-E6E9CA8CA70A}.Release|x86.Build.0 = Release|x86
		{FDE35CB1-DD3F-41B1-875D-6F3278BE6EF5}.Debug|Any CPU.ActiveCfg = Debug|Any CPU
		{FDE35CB1-DD3F-41B1-875D-6F3278BE6EF5}.Debug|Any CPU.Build.0 = Debug|Any CPU
		{FDE35CB1-DD3F-41B1-875D-6F3278BE6EF5}.Debug|x86.ActiveCfg = Debug|x86
		{FDE35CB1-DD3F-41B1-875D-6F3278BE6EF5}.Debug|x86.Build.0 = Debug|x86
		{FDE35CB1-DD3F-41B1-875D-6F3278BE6EF5}.Release|Any CPU.ActiveCfg = Release|Any CPU
		{FDE35CB1-DD3F-41B1-875D-6F3278BE6EF5}.Release|Any CPU.Build.0 = Release|Any CPU
		{FDE35CB1-DD3F-41B1-875D-6F3278BE6EF5}.Release|x86.ActiveCfg = Release|x86
		{FDE35CB1-DD3F-41B1-875D-6F3278BE6EF5}.Release|x86.Build.0 = Release|x86
		{1FFC8166-F3F4-46B8-BF0C-012000EFBCF0}.Debug|Any CPU.ActiveCfg = Debug|Any CPU
		{1FFC8166-F3F4-46B8-BF0C-012000EFBCF0}.Debug|Any CPU.Build.0 = Debug|Any CPU
		{1FFC8166-F3F4-46B8-BF0C-012000EFBCF0}.Debug|x86.ActiveCfg = Debug|Any CPU
		{1FFC8166-F3F4-46B8-BF0C-012000EFBCF0}.Debug|x86.Build.0 = Debug|Any CPU
		{1FFC8166-F3F4-46B8-BF0C-012000EFBCF0}.Release|Any CPU.ActiveCfg = Release|Any CPU
		{1FFC8166-F3F4-46B8-BF0C-012000EFBCF0}.Release|Any CPU.Build.0 = Release|Any CPU
		{1FFC8166-F3F4-46B8-BF0C-012000EFBCF0}.Release|x86.ActiveCfg = Release|Any CPU
		{1FFC8166-F3F4-46B8-BF0C-012000EFBCF0}.Release|x86.Build.0 = Release|Any CPU
		{F54EE85D-16DB-46B5-918C-D43A02998F08}.Debug|Any CPU.ActiveCfg = Debug|Any CPU
		{F54EE85D-16DB-46B5-918C-D43A02998F08}.Debug|Any CPU.Build.0 = Debug|Any CPU
		{F54EE85D-16DB-46B5-918C-D43A02998F08}.Debug|x86.ActiveCfg = Debug|Any CPU
		{F54EE85D-16DB-46B5-918C-D43A02998F08}.Debug|x86.Build.0 = Debug|Any CPU
		{F54EE85D-16DB-46B5-918C-D43A02998F08}.Release|Any CPU.ActiveCfg = Release|Any CPU
		{F54EE85D-16DB-46B5-918C-D43A02998F08}.Release|Any CPU.Build.0 = Release|Any CPU
		{F54EE85D-16DB-46B5-918C-D43A02998F08}.Release|x86.ActiveCfg = Release|Any CPU
		{F54EE85D-16DB-46B5-918C-D43A02998F08}.Release|x86.Build.0 = Release|Any CPU
	EndGlobalSection
	GlobalSection(SolutionProperties) = preSolution
		HideSolutionNode = FALSE
	EndGlobalSection
	GlobalSection(ExtensibilityGlobals) = postSolution
		SolutionGuid = {ACF8E77E-4C25-4E61-9349-7B62972C5674}
	EndGlobalSection
EndGlobal
